
Microsoft Visual Studio Solution File, Format Version 12.00
# Visual Studio 15
VisualStudioVersion = 15.0.28010.2003
MinimumVisualStudioVersion = 10.0.40219.1
Project("{FAE04EC0-301F-11D3-BF4B-00C04F79EFBC}") = "test1", "test1\test1.csproj", "{CF3A938A-E5DA-4F50-8525-FE39B7D4F050}"
EndProject
Project("{FAE04EC0-301F-11D3-BF4B-00C04F79EFBC}") = "Calculator", "Calculator\Calculator.csproj", "{81699F17-52CA-43FA-AC41-4E05999253B2}"
EndProject
Project("{FAE04EC0-301F-11D3-BF4B-00C04F79EFBC}") = "Calculator.Application", "Calculator.Application\Calculator.Application.csproj", "{57A6E2B8-109B-4DBB-A27E-BFC9D734C73A}"
EndProject
Project("{FAE04EC0-301F-11D3-BF4B-00C04F79EFBC}") = "Calculator.Test.Unit", "Calculator.Test.Unit\Calculator.Test.Unit.csproj", "{0A7BE9C2-4A60-44CF-89EF-DCB03692DD84}"
EndProject
Global
	GlobalSection(SolutionConfigurationPlatforms) = preSolution
		Debug|Any CPU = Debug|Any CPU
		Release|Any CPU = Release|Any CPU
	EndGlobalSection
	GlobalSection(ProjectConfigurationPlatforms) = postSolution
		{CF3A938A-E5DA-4F50-8525-FE39B7D4F050}.Debug|Any CPU.ActiveCfg = Debug|Any CPU
		{CF3A938A-E5DA-4F50-8525-FE39B7D4F050}.Debug|Any CPU.Build.0 = Debug|Any CPU
		{CF3A938A-E5DA-4F50-8525-FE39B7D4F050}.Release|Any CPU.ActiveCfg = Release|Any CPU
		{CF3A938A-E5DA-4F50-8525-FE39B7D4F050}.Release|Any CPU.Build.0 = Release|Any CPU
		{81699F17-52CA-43FA-AC41-4E05999253B2}.Debug|Any CPU.ActiveCfg = Debug|Any CPU
		{81699F17-52CA-43FA-AC41-4E05999253B2}.Debug|Any CPU.Build.0 = Debug|Any CPU
		{81699F17-52CA-43FA-AC41-4E05999253B2}.Release|Any CPU.ActiveCfg = Release|Any CPU
		{81699F17-52CA-43FA-AC41-4E05999253B2}.Release|Any CPU.Build.0 = Release|Any CPU
		{57A6E2B8-109B-4DBB-A27E-BFC9D734C73A}.Debug|Any CPU.ActiveCfg = Debug|Any CPU
		{57A6E2B8-109B-4DBB-A27E-BFC9D734C73A}.Debug|Any CPU.Build.0 = Debug|Any CPU
		{57A6E2B8-109B-4DBB-A27E-BFC9D734C73A}.Release|Any CPU.ActiveCfg = Release|Any CPU
		{57A6E2B8-109B-4DBB-A27E-BFC9D734C73A}.Release|Any CPU.Build.0 = Release|Any CPU
		{0A7BE9C2-4A60-44CF-89EF-DCB03692DD84}.Debug|Any CPU.ActiveCfg = Debug|Any CPU
		{0A7BE9C2-4A60-44CF-89EF-DCB03692DD84}.Debug|Any CPU.Build.0 = Debug|Any CPU
		{0A7BE9C2-4A60-44CF-89EF-DCB03692DD84}.Release|Any CPU.ActiveCfg = Release|Any CPU
		{0A7BE9C2-4A60-44CF-89EF-DCB03692DD84}.Release|Any CPU.Build.0 = Release|Any CPU
	EndGlobalSection
	GlobalSection(SolutionProperties) = preSolution
		HideSolutionNode = FALSE
	EndGlobalSection
	GlobalSection(ExtensibilityGlobals) = postSolution
		SolutionGuid = {D70D99BF-1B6A-4A35-BF40-61492F8C1161}
	EndGlobalSection
EndGlobal
